{
  "version": 4,
  "terraform_version": "1.10.0",
  "serial": 77,
  "lineage": "58523e6a-1fca-3cca-03a5-e40eeb0e1275",
  "outputs": {
    "azure_region": {
      "value": "westus",
      "type": "string"
    },
    "azure_resource_group": {
      "value": "example-resource-group",
      "type": "string"
    },
    "backend_pool_id": {
      "value": "/subscriptions/70e7d75c-abd8-4f24-bac2-4b1b94e06795/resourceGroups/example-resource-group/providers/Microsoft.Network/loadBalancers/example-lb/backendAddressPools/example-backend-pool",
      "type": "string"
    },
    "frontend_ip_configuration_id": {
      "value": "/subscriptions/70e7d75c-abd8-4f24-bac2-4b1b94e06795/resourceGroups/example-resource-group/providers/Microsoft.Network/loadBalancers/example-lb/frontendIPConfigurations/example-frontend-ip",
      "type": "string"
    },
    "load_balancer_ip": {
      "value": "40.112.151.142",
      "type": "string"
    }
  },
  "resources": [
    {
      "mode": "managed",
      "type": "azurerm_availability_set",
      "name": "example",
      "provider": "provider[\"registry.terraform.io/hashicorp/azurerm\"]",
      "instances": [
        {
          "schema_version": 0,
          "attributes": {
            "id": "/subscriptions/70e7d75c-abd8-4f24-bac2-4b1b94e06795/resourceGroups/example-resource-group/providers/Microsoft.Compute/availabilitySets/example-aset",
            "location": "westus",
            "managed": true,
            "name": "example-aset",
            "platform_fault_domain_count": 2,
            "platform_update_domain_count": 5,
            "proximity_placement_group_id": null,
            "resource_group_name": "example-resource-group",
            "tags": {},
            "timeouts": null
          },
          "sensitive_attributes": [],
          "private": "eyJlMmJmYjczMC1lY2FhLTExZTYtOGY4OC0zNDM2M2JjN2M0YzAiOnsiY3JlYXRlIjoxODAwMDAwMDAwMDAwLCJkZWxldGUiOjE4MDAwMDAwMDAwMDAsInJlYWQiOjMwMDAwMDAwMDAwMCwidXBkYXRlIjoxODAwMDAwMDAwMDAwfX0=",
          "dependencies": [
            "azurerm_resource_group.example"
          ]
        }
      ]
    },
    {
      "mode": "managed",
      "type": "azurerm_lb",
      "name": "example",
      "provider": "provider[\"registry.terraform.io/hashicorp/azurerm\"]",
      "instances": [
        {
          "schema_version": 0,
          "attributes": {
            "edge_zone": "",
            "frontend_ip_configuration": [
              {
                "gateway_load_balancer_frontend_ip_configuration_id": "",
                "id": "/subscriptions/70e7d75c-abd8-4f24-bac2-4b1b94e06795/resourceGroups/example-resource-group/providers/Microsoft.Network/loadBalancers/example-lb/frontendIPConfigurations/example-frontend-ip",
                "inbound_nat_rules": [],
                "load_balancer_rules": [
                  "/subscriptions/70e7d75c-abd8-4f24-bac2-4b1b94e06795/resourceGroups/example-resource-group/providers/Microsoft.Network/loadBalancers/example-lb/loadBalancingRules/example-rule"
                ],
                "name": "example-frontend-ip",
                "outbound_rules": [],
                "private_ip_address": "",
                "private_ip_address_allocation": "Dynamic",
                "private_ip_address_version": "",
                "public_ip_address_id": "/subscriptions/70e7d75c-abd8-4f24-bac2-4b1b94e06795/resourceGroups/example-resource-group/providers/Microsoft.Network/publicIPAddresses/example-public-ip",
                "public_ip_prefix_id": "",
                "subnet_id": "",
                "zones": []
              }
            ],
            "id": "/subscriptions/70e7d75c-abd8-4f24-bac2-4b1b94e06795/resourceGroups/example-resource-group/providers/Microsoft.Network/loadBalancers/example-lb",
            "location": "westus",
            "name": "example-lb",
            "private_ip_address": "",
            "private_ip_addresses": [],
            "resource_group_name": "example-resource-group",
            "sku": "Standard",
            "sku_tier": "Regional",
            "tags": {},
            "timeouts": null
          },
          "sensitive_attributes": [],
          "private": "eyJlMmJmYjczMC1lY2FhLTExZTYtOGY4OC0zNDM2M2JjN2M0YzAiOnsiY3JlYXRlIjoxODAwMDAwMDAwMDAwLCJkZWxldGUiOjE4MDAwMDAwMDAwMDAsInJlYWQiOjMwMDAwMDAwMDAwMCwidXBkYXRlIjoxODAwMDAwMDAwMDAwfX0=",
          "dependencies": [
            "azurerm_public_ip.example",
            "azurerm_resource_group.example"
          ]
        }
      ]
    },
    {
      "mode": "managed",
      "type": "azurerm_lb_backend_address_pool",
      "name": "example",
      "provider": "provider[\"registry.terraform.io/hashicorp/azurerm\"]",
      "instances": [
        {
          "schema_version": 0,
          "attributes": {
            "backend_ip_configurations": [
              "/subscriptions/70e7d75c-abd8-4f24-bac2-4b1b94e06795/resourceGroups/example-resource-group/providers/Microsoft.Network/networkInterfaces/secondary-nic/ipConfigurations/internal",
              "/subscriptions/70e7d75c-abd8-4f24-bac2-4b1b94e06795/resourceGroups/example-resource-group/providers/Microsoft.Network/networkInterfaces/primary-nic/ipConfigurations/internal"
            ],
            "id": "/subscriptions/70e7d75c-abd8-4f24-bac2-4b1b94e06795/resourceGroups/example-resource-group/providers/Microsoft.Network/loadBalancers/example-lb/backendAddressPools/example-backend-pool",
            "inbound_nat_rules": [],
            "load_balancing_rules": [
              "/subscriptions/70e7d75c-abd8-4f24-bac2-4b1b94e06795/resourceGroups/example-resource-group/providers/Microsoft.Network/loadBalancers/example-lb/loadBalancingRules/example-rule"
            ],
            "loadbalancer_id": "/subscriptions/70e7d75c-abd8-4f24-bac2-4b1b94e06795/resourceGroups/example-resource-group/providers/Microsoft.Network/loadBalancers/example-lb",
            "name": "example-backend-pool",
            "outbound_rules": [],
            "synchronous_mode": "",
            "timeouts": null,
            "tunnel_interface": [],
            "virtual_network_id": ""
          },
          "sensitive_attributes": [],
          "private": "eyJlMmJmYjczMC1lY2FhLTExZTYtOGY4OC0zNDM2M2JjN2M0YzAiOnsiY3JlYXRlIjoxODAwMDAwMDAwMDAwLCJkZWxldGUiOjE4MDAwMDAwMDAwMDAsInJlYWQiOjMwMDAwMDAwMDAwMCwidXBkYXRlIjoxODAwMDAwMDAwMDAwfX0=",
          "dependencies": [
            "azurerm_lb.example",
            "azurerm_public_ip.example",
            "azurerm_resource_group.example"
          ]
        }
      ]
    },
    {
      "mode": "managed",
      "type": "azurerm_lb_probe",
      "name": "example",
      "provider": "provider[\"registry.terraform.io/hashicorp/azurerm\"]",
      "instances": [
        {
          "schema_version": 0,
          "attributes": {
            "id": "/subscriptions/70e7d75c-abd8-4f24-bac2-4b1b94e06795/resourceGroups/example-resource-group/providers/Microsoft.Network/loadBalancers/example-lb/probes/example-probe",
            "interval_in_seconds": 15,
            "load_balancer_rules": [
              "/subscriptions/70e7d75c-abd8-4f24-bac2-4b1b94e06795/resourceGroups/example-resource-group/providers/Microsoft.Network/loadBalancers/example-lb/loadBalancingRules/example-rule"
            ],
            "loadbalancer_id": "/subscriptions/70e7d75c-abd8-4f24-bac2-4b1b94e06795/resourceGroups/example-resource-group/providers/Microsoft.Network/loadBalancers/example-lb",
            "name": "example-probe",
            "number_of_probes": 2,
            "port": 80,
            "probe_threshold": 1,
            "protocol": "Tcp",
            "request_path": "",
            "timeouts": null
          },
          "sensitive_attributes": [],
          "private": "eyJlMmJmYjczMC1lY2FhLTExZTYtOGY4OC0zNDM2M2JjN2M0YzAiOnsiY3JlYXRlIjoxODAwMDAwMDAwMDAwLCJkZWxldGUiOjE4MDAwMDAwMDAwMDAsInJlYWQiOjMwMDAwMDAwMDAwMCwidXBkYXRlIjoxODAwMDAwMDAwMDAwfX0=",
          "dependencies": [
            "azurerm_lb.example",
            "azurerm_public_ip.example",
            "azurerm_resource_group.example"
          ]
        }
      ]
    },
    {
      "mode": "managed",
      "type": "azurerm_lb_rule",
      "name": "example",
      "provider": "provider[\"registry.terraform.io/hashicorp/azurerm\"]",
      "instances": [
        {
          "schema_version": 0,
          "attributes": {
            "backend_address_pool_ids": [
              "/subscriptions/70e7d75c-abd8-4f24-bac2-4b1b94e06795/resourceGroups/example-resource-group/providers/Microsoft.Network/loadBalancers/example-lb/backendAddressPools/example-backend-pool"
            ],
            "backend_port": 80,
            "disable_outbound_snat": false,
            "enable_floating_ip": false,
            "enable_tcp_reset": true,
            "frontend_ip_configuration_id": "/subscriptions/70e7d75c-abd8-4f24-bac2-4b1b94e06795/resourceGroups/example-resource-group/providers/Microsoft.Network/loadBalancers/example-lb/frontendIPConfigurations/example-frontend-ip",
            "frontend_ip_configuration_name": "example-frontend-ip",
            "frontend_port": 80,
            "id": "/subscriptions/70e7d75c-abd8-4f24-bac2-4b1b94e06795/resourceGroups/example-resource-group/providers/Microsoft.Network/loadBalancers/example-lb/loadBalancingRules/example-rule",
            "idle_timeout_in_minutes": 4,
            "load_distribution": "Default",
            "loadbalancer_id": "/subscriptions/70e7d75c-abd8-4f24-bac2-4b1b94e06795/resourceGroups/example-resource-group/providers/Microsoft.Network/loadBalancers/example-lb",
            "name": "example-rule",
            "probe_id": "/subscriptions/70e7d75c-abd8-4f24-bac2-4b1b94e06795/resourceGroups/example-resource-group/providers/Microsoft.Network/loadBalancers/example-lb/probes/example-probe",
            "protocol": "Tcp",
            "timeouts": null
          },
          "sensitive_attributes": [],
          "private": "eyJlMmJmYjczMC1lY2FhLTExZTYtOGY4OC0zNDM2M2JjN2M0YzAiOnsiY3JlYXRlIjoxODAwMDAwMDAwMDAwLCJkZWxldGUiOjE4MDAwMDAwMDAwMDAsInJlYWQiOjMwMDAwMDAwMDAwMCwidXBkYXRlIjoxODAwMDAwMDAwMDAwfX0=",
          "dependencies": [
            "azurerm_lb.example",
            "azurerm_lb_backend_address_pool.example",
            "azurerm_lb_probe.example",
            "azurerm_public_ip.example",
            "azurerm_resource_group.example"
          ]
        }
      ]
    },
    {
      "mode": "managed",
      "type": "azurerm_linux_virtual_machine",
      "name": "primary",
      "provider": "provider[\"registry.terraform.io/hashicorp/azurerm\"]",
      "instances": [
        {
          "schema_version": 0,
          "attributes": {
            "additional_capabilities": [],
            "admin_password": null,
            "admin_ssh_key": [
              {
                "public_key": "ssh-rsa AAAAB3NzaC1yc2EAAAADAQABAAABAQC/7851rMcBROYpD92cAeOe03p9KThEMDPCBcPGD1SrAskO7o8CBSNKSrSeQ/hM+mGU7nRL/KobnC8dobzym/dbiwmrL8YCyx6B6xFgQA7Bb+JuWiRBDOQTXEb4HEKhlZhGFliNSWey5HolvmduV3SRHECXVACVLoS6jKxRVeKLhuq33jjAR+meBBKwPQ2v0WVIfMppgVrb2t9BnX6trLNefUoR1ZJfBh1Cpqfk4N2g4fzB8KxT6CkbJ+xdC4xORDnQuC2qVP+7QqIJycbIKiL3BoobcYectFb1JK9vnuzDAFw4KqTGXIuGeeSgVxwwCSWVLw1QmV0hnSqbewSor+iH dell@DESKTOP-J36K33P\r\n",
                "username": "adminuser"
              }
            ],
            "admin_username": "adminuser",
            "allow_extension_operations": true,
            "availability_set_id": "/subscriptions/70e7d75c-abd8-4f24-bac2-4b1b94e06795/resourceGroups/example-resource-group/providers/Microsoft.Compute/availabilitySets/EXAMPLE-ASET",
            "boot_diagnostics": [],
            "bypass_platform_safety_checks_on_user_schedule_enabled": false,
            "capacity_reservation_group_id": "",
            "computer_name": "primary-backend-vm",
            "custom_data": null,
            "dedicated_host_group_id": "",
            "dedicated_host_id": "",
            "disable_password_authentication": true,
            "disk_controller_type": "",
            "edge_zone": "",
            "encryption_at_host_enabled": false,
            "eviction_policy": "",
            "extensions_time_budget": "PT1H30M",
            "gallery_application": [],
            "id": "/subscriptions/70e7d75c-abd8-4f24-bac2-4b1b94e06795/resourceGroups/example-resource-group/providers/Microsoft.Compute/virtualMachines/primary-backend-vm",
            "identity": [],
            "license_type": "",
            "location": "westus",
            "max_bid_price": -1,
            "name": "primary-backend-vm",
            "network_interface_ids": [
              "/subscriptions/70e7d75c-abd8-4f24-bac2-4b1b94e06795/resourceGroups/example-resource-group/providers/Microsoft.Network/networkInterfaces/primary-nic"
            ],
            "os_disk": [
              {
                "caching": "ReadWrite",
                "diff_disk_settings": [],
                "disk_encryption_set_id": "",
                "disk_size_gb": 30,
                "name": "primary-backend-vm_OsDisk_1_bdc04c3afe6d46589bf81bf0ed259f63",
                "secure_vm_disk_encryption_set_id": "",
                "security_encryption_type": "",
                "storage_account_type": "Standard_LRS",
                "write_accelerator_enabled": false
              }
            ],
            "os_image_notification": [],
            "patch_assessment_mode": "ImageDefault",
            "patch_mode": "ImageDefault",
            "plan": [],
            "platform_fault_domain": -1,
            "priority": "Regular",
            "private_ip_address": "10.0.1.4",
            "private_ip_addresses": [
              "10.0.1.4"
            ],
            "provision_vm_agent": true,
            "proximity_placement_group_id": "",
            "public_ip_address": "",
            "public_ip_addresses": [],
            "reboot_setting": "",
            "resource_group_name": "example-resource-group",
            "secret": [],
            "secure_boot_enabled": false,
            "size": "Standard_B1s",
            "source_image_id": "",
            "source_image_reference": [
              {
                "offer": "0001-com-ubuntu-server-jammy",
                "publisher": "Canonical",
                "sku": "22_04-lts",
                "version": "latest"
              }
            ],
            "tags": {
              "environment": "example"
            },
            "termination_notification": [],
            "timeouts": null,
            "user_data": "",
            "virtual_machine_id": "95235eb7-9e95-4b86-9027-f5d087fb05be",
            "virtual_machine_scale_set_id": "",
            "vm_agent_platform_updates_enabled": false,
            "vtpm_enabled": false,
            "zone": ""
          },
          "sensitive_attributes": [
            [
              {
                "type": "get_attr",
                "value": "admin_password"
              }
            ],
            [
              {
                "type": "get_attr",
                "value": "custom_data"
              }
            ]
          ],
          "private": "eyJlMmJmYjczMC1lY2FhLTExZTYtOGY4OC0zNDM2M2JjN2M0YzAiOnsiY3JlYXRlIjoyNzAwMDAwMDAwMDAwLCJkZWxldGUiOjI3MDAwMDAwMDAwMDAsInJlYWQiOjMwMDAwMDAwMDAwMCwidXBkYXRlIjoyNzAwMDAwMDAwMDAwfX0=",
          "dependencies": [
            "azurerm_availability_set.example",
            "azurerm_network_interface.example",
            "azurerm_resource_group.example",
            "azurerm_subnet.example",
            "azurerm_virtual_network.example"
          ]
        }
      ]
    },
    {
      "mode": "managed",
      "type": "azurerm_linux_virtual_machine",
      "name": "secondary",
      "provider": "provider[\"registry.terraform.io/hashicorp/azurerm\"]",
      "instances": [
        {
          "schema_version": 0,
          "attributes": {
            "additional_capabilities": [],
            "admin_password": null,
            "admin_ssh_key": [
              {
                "public_key": "ssh-rsa AAAAB3NzaC1yc2EAAAADAQABAAABAQC/7851rMcBROYpD92cAeOe03p9KThEMDPCBcPGD1SrAskO7o8CBSNKSrSeQ/hM+mGU7nRL/KobnC8dobzym/dbiwmrL8YCyx6B6xFgQA7Bb+JuWiRBDOQTXEb4HEKhlZhGFliNSWey5HolvmduV3SRHECXVACVLoS6jKxRVeKLhuq33jjAR+meBBKwPQ2v0WVIfMppgVrb2t9BnX6trLNefUoR1ZJfBh1Cpqfk4N2g4fzB8KxT6CkbJ+xdC4xORDnQuC2qVP+7QqIJycbIKiL3BoobcYectFb1JK9vnuzDAFw4KqTGXIuGeeSgVxwwCSWVLw1QmV0hnSqbewSor+iH dell@DESKTOP-J36K33P\r\n",
                "username": "adminuser"
              }
            ],
            "admin_username": "adminuser",
            "allow_extension_operations": true,
            "availability_set_id": "/subscriptions/70e7d75c-abd8-4f24-bac2-4b1b94e06795/resourceGroups/example-resource-group/providers/Microsoft.Compute/availabilitySets/EXAMPLE-ASET",
            "boot_diagnostics": [],
            "bypass_platform_safety_checks_on_user_schedule_enabled": false,
            "capacity_reservation_group_id": "",
            "computer_name": "secondary-backend-vm",
            "custom_data": null,
            "dedicated_host_group_id": "",
            "dedicated_host_id": "",
            "disable_password_authentication": true,
            "disk_controller_type": "",
            "edge_zone": "",
            "encryption_at_host_enabled": false,
            "eviction_policy": "",
            "extensions_time_budget": "PT1H30M",
            "gallery_application": [],
            "id": "/subscriptions/70e7d75c-abd8-4f24-bac2-4b1b94e06795/resourceGroups/example-resource-group/providers/Microsoft.Compute/virtualMachines/secondary-backend-vm",
            "identity": [],
            "license_type": "",
            "location": "westus",
            "max_bid_price": -1,
            "name": "secondary-backend-vm",
            "network_interface_ids": [
              "/subscriptions/70e7d75c-abd8-4f24-bac2-4b1b94e06795/resourceGroups/example-resource-group/providers/Microsoft.Network/networkInterfaces/secondary-nic"
            ],
            "os_disk": [
              {
                "caching": "ReadWrite",
                "diff_disk_settings": [],
                "disk_encryption_set_id": "",
                "disk_size_gb": 30,
                "name": "secondary-backend-vm_OsDisk_1_59a4c0091cd64fbc83f9dbca8e1d4313",
                "secure_vm_disk_encryption_set_id": "",
                "security_encryption_type": "",
                "storage_account_type": "Standard_LRS",
                "write_accelerator_enabled": false
              }
            ],
            "os_image_notification": [],
            "patch_assessment_mode": "ImageDefault",
            "patch_mode": "ImageDefault",
            "plan": [],
            "platform_fault_domain": -1,
            "priority": "Regular",
            "private_ip_address": "10.0.1.5",
            "private_ip_addresses": [
              "10.0.1.5"
            ],
            "provision_vm_agent": true,
            "proximity_placement_group_id": "",
            "public_ip_address": "",
            "public_ip_addresses": [],
            "reboot_setting": "",
            "resource_group_name": "example-resource-group",
            "secret": [],
            "secure_boot_enabled": false,
            "size": "Standard_B1s",
            "source_image_id": "",
            "source_image_reference": [
              {
                "offer": "0001-com-ubuntu-server-jammy",
                "publisher": "Canonical",
                "sku": "22_04-lts",
                "version": "latest"
              }
            ],
            "tags": {
              "environment": "example"
            },
            "termination_notification": [],
            "timeouts": null,
            "user_data": "",
            "virtual_machine_id": "7af9ec9e-94e8-4dbc-88ae-566497811531",
            "virtual_machine_scale_set_id": "",
            "vm_agent_platform_updates_enabled": false,
            "vtpm_enabled": false,
            "zone": ""
          },
          "sensitive_attributes": [
            [
              {
                "type": "get_attr",
                "value": "admin_password"
              }
            ],
            [
              {
                "type": "get_attr",
                "value": "custom_data"
              }
            ]
          ],
          "private": "eyJlMmJmYjczMC1lY2FhLTExZTYtOGY4OC0zNDM2M2JjN2M0YzAiOnsiY3JlYXRlIjoyNzAwMDAwMDAwMDAwLCJkZWxldGUiOjI3MDAwMDAwMDAwMDAsInJlYWQiOjMwMDAwMDAwMDAwMCwidXBkYXRlIjoyNzAwMDAwMDAwMDAwfX0=",
          "dependencies": [
            "azurerm_availability_set.example",
            "azurerm_network_interface.secondary",
            "azurerm_resource_group.example",
            "azurerm_subnet.example",
            "azurerm_virtual_network.example"
          ]
        }
      ]
    },
    {
      "mode": "managed",
      "type": "azurerm_network_interface",
      "name": "example",
      "provider": "provider[\"registry.terraform.io/hashicorp/azurerm\"]",
      "instances": [
        {
          "schema_version": 0,
          "attributes": {
            "accelerated_networking_enabled": false,
            "applied_dns_servers": [],
            "auxiliary_mode": "",
            "auxiliary_sku": "",
            "dns_servers": [],
            "edge_zone": "",
            "enable_accelerated_networking": false,
            "enable_ip_forwarding": false,
            "id": "/subscriptions/70e7d75c-abd8-4f24-bac2-4b1b94e06795/resourceGroups/example-resource-group/providers/Microsoft.Network/networkInterfaces/primary-nic",
            "internal_dns_name_label": "",
            "internal_domain_name_suffix": "y2lpiuolmvwu5o5pnzsjhmdw2f.dx.internal.cloudapp.net",
            "ip_configuration": [
              {
                "gateway_load_balancer_frontend_ip_configuration_id": "",
                "name": "internal",
                "primary": true,
                "private_ip_address": "10.0.1.4",
                "private_ip_address_allocation": "Dynamic",
                "private_ip_address_version": "IPv4",
                "public_ip_address_id": "",
                "subnet_id": "/subscriptions/70e7d75c-abd8-4f24-bac2-4b1b94e06795/resourceGroups/example-resource-group/providers/Microsoft.Network/virtualNetworks/example-vnet/subnets/example-subnet"
              }
            ],
            "ip_forwarding_enabled": false,
            "location": "westus",
            "mac_address": "60-45-BD-02-28-C3",
            "name": "primary-nic",
            "private_ip_address": "10.0.1.4",
            "private_ip_addresses": [
              "10.0.1.4"
            ],
            "resource_group_name": "example-resource-group",
            "tags": {},
            "timeouts": null,
            "virtual_machine_id": "/subscriptions/70e7d75c-abd8-4f24-bac2-4b1b94e06795/resourceGroups/example-resource-group/providers/Microsoft.Compute/virtualMachines/primary-backend-vm"
          },
          "sensitive_attributes": [],
          "private": "eyJlMmJmYjczMC1lY2FhLTExZTYtOGY4OC0zNDM2M2JjN2M0YzAiOnsiY3JlYXRlIjoxODAwMDAwMDAwMDAwLCJkZWxldGUiOjE4MDAwMDAwMDAwMDAsInJlYWQiOjMwMDAwMDAwMDAwMCwidXBkYXRlIjoxODAwMDAwMDAwMDAwfX0=",
          "dependencies": [
            "azurerm_resource_group.example",
            "azurerm_subnet.example",
            "azurerm_virtual_network.example"
          ]
        }
      ]
    },
    {
      "mode": "managed",
      "type": "azurerm_network_interface",
      "name": "secondary",
      "provider": "provider[\"registry.terraform.io/hashicorp/azurerm\"]",
      "instances": [
        {
          "schema_version": 0,
          "attributes": {
            "accelerated_networking_enabled": false,
            "applied_dns_servers": [],
            "auxiliary_mode": "",
            "auxiliary_sku": "",
            "dns_servers": [],
            "edge_zone": "",
            "enable_accelerated_networking": false,
            "enable_ip_forwarding": false,
            "id": "/subscriptions/70e7d75c-abd8-4f24-bac2-4b1b94e06795/resourceGroups/example-resource-group/providers/Microsoft.Network/networkInterfaces/secondary-nic",
            "internal_dns_name_label": "",
            "internal_domain_name_suffix": "y2lpiuolmvwu5o5pnzsjhmdw2f.dx.internal.cloudapp.net",
            "ip_configuration": [
              {
                "gateway_load_balancer_frontend_ip_configuration_id": "",
                "name": "internal",
                "primary": true,
                "private_ip_address": "10.0.1.5",
                "private_ip_address_allocation": "Dynamic",
                "private_ip_address_version": "IPv4",
                "public_ip_address_id": "",
                "subnet_id": "/subscriptions/70e7d75c-abd8-4f24-bac2-4b1b94e06795/resourceGroups/example-resource-group/providers/Microsoft.Network/virtualNetworks/example-vnet/subnets/example-subnet"
              }
            ],
            "ip_forwarding_enabled": false,
            "location": "westus",
            "mac_address": "60-45-BD-02-26-E3",
            "name": "secondary-nic",
            "private_ip_address": "10.0.1.5",
            "private_ip_addresses": [
              "10.0.1.5"
            ],
            "resource_group_name": "example-resource-group",
            "tags": {},
            "timeouts": null,
            "virtual_machine_id": "/subscriptions/70e7d75c-abd8-4f24-bac2-4b1b94e06795/resourceGroups/example-resource-group/providers/Microsoft.Compute/virtualMachines/secondary-backend-vm"
          },
          "sensitive_attributes": [],
          "private": "eyJlMmJmYjczMC1lY2FhLTExZTYtOGY4OC0zNDM2M2JjN2M0YzAiOnsiY3JlYXRlIjoxODAwMDAwMDAwMDAwLCJkZWxldGUiOjE4MDAwMDAwMDAwMDAsInJlYWQiOjMwMDAwMDAwMDAwMCwidXBkYXRlIjoxODAwMDAwMDAwMDAwfX0=",
          "dependencies": [
            "azurerm_resource_group.example",
            "azurerm_subnet.example",
            "azurerm_virtual_network.example"
          ]
        }
      ]
    },
    {
      "mode": "managed",
      "type": "azurerm_network_interface_backend_address_pool_association",
      "name": "primary",
      "provider": "provider[\"registry.terraform.io/hashicorp/azurerm\"]",
      "instances": [
        {
          "schema_version": 0,
          "attributes": {
            "backend_address_pool_id": "/subscriptions/70e7d75c-abd8-4f24-bac2-4b1b94e06795/resourceGroups/example-resource-group/providers/Microsoft.Network/loadBalancers/example-lb/backendAddressPools/example-backend-pool",
            "id": "/subscriptions/70e7d75c-abd8-4f24-bac2-4b1b94e06795/resourceGroups/example-resource-group/providers/Microsoft.Network/networkInterfaces/primary-nic/ipConfigurations/internal|/subscriptions/70e7d75c-abd8-4f24-bac2-4b1b94e06795/resourceGroups/example-resource-group/providers/Microsoft.Network/loadBalancers/example-lb/backendAddressPools/example-backend-pool",
            "ip_configuration_name": "internal",
            "network_interface_id": "/subscriptions/70e7d75c-abd8-4f24-bac2-4b1b94e06795/resourceGroups/example-resource-group/providers/Microsoft.Network/networkInterfaces/primary-nic",
            "timeouts": null
          },
          "sensitive_attributes": [],
          "private": "eyJlMmJmYjczMC1lY2FhLTExZTYtOGY4OC0zNDM2M2JjN2M0YzAiOnsiY3JlYXRlIjoxODAwMDAwMDAwMDAwLCJkZWxldGUiOjE4MDAwMDAwMDAwMDAsInJlYWQiOjMwMDAwMDAwMDAwMH19",
          "dependencies": [
            "azurerm_lb.example",
            "azurerm_lb_backend_address_pool.example",
            "azurerm_network_interface.example",
            "azurerm_public_ip.example",
            "azurerm_resource_group.example",
            "azurerm_subnet.example",
            "azurerm_virtual_network.example"
          ]
        }
      ]
    },
    {
      "mode": "managed",
      "type": "azurerm_network_interface_backend_address_pool_association",
      "name": "secondary",
      "provider": "provider[\"registry.terraform.io/hashicorp/azurerm\"]",
      "instances": [
        {
          "schema_version": 0,
          "attributes": {
            "backend_address_pool_id": "/subscriptions/70e7d75c-abd8-4f24-bac2-4b1b94e06795/resourceGroups/example-resource-group/providers/Microsoft.Network/loadBalancers/example-lb/backendAddressPools/example-backend-pool",
            "id": "/subscriptions/70e7d75c-abd8-4f24-bac2-4b1b94e06795/resourceGroups/example-resource-group/providers/Microsoft.Network/networkInterfaces/secondary-nic/ipConfigurations/internal|/subscriptions/70e7d75c-abd8-4f24-bac2-4b1b94e06795/resourceGroups/example-resource-group/providers/Microsoft.Network/loadBalancers/example-lb/backendAddressPools/example-backend-pool",
            "ip_configuration_name": "internal",
            "network_interface_id": "/subscriptions/70e7d75c-abd8-4f24-bac2-4b1b94e06795/resourceGroups/example-resource-group/providers/Microsoft.Network/networkInterfaces/secondary-nic",
            "timeouts": null
          },
          "sensitive_attributes": [],
          "private": "eyJlMmJmYjczMC1lY2FhLTExZTYtOGY4OC0zNDM2M2JjN2M0YzAiOnsiY3JlYXRlIjoxODAwMDAwMDAwMDAwLCJkZWxldGUiOjE4MDAwMDAwMDAwMDAsInJlYWQiOjMwMDAwMDAwMDAwMH19",
          "dependencies": [
            "azurerm_lb.example",
            "azurerm_lb_backend_address_pool.example",
            "azurerm_network_interface.secondary",
            "azurerm_public_ip.example",
            "azurerm_resource_group.example",
            "azurerm_subnet.example",
            "azurerm_virtual_network.example"
          ]
        }
      ]
    },
    {
      "mode": "managed",
      "type": "azurerm_public_ip",
      "name": "example",
      "provider": "provider[\"registry.terraform.io/hashicorp/azurerm\"]",
      "instances": [
        {
          "schema_version": 0,
          "attributes": {
            "allocation_method": "Static",
            "ddos_protection_mode": "VirtualNetworkInherited",
            "ddos_protection_plan_id": null,
            "domain_name_label": null,
            "edge_zone": "",
            "fqdn": null,
            "id": "/subscriptions/70e7d75c-abd8-4f24-bac2-4b1b94e06795/resourceGroups/example-resource-group/providers/Microsoft.Network/publicIPAddresses/example-public-ip",
            "idle_timeout_in_minutes": 4,
            "ip_address": "40.112.151.142",
            "ip_tags": {},
            "ip_version": "IPv4",
            "location": "westus",
            "name": "example-public-ip",
            "public_ip_prefix_id": null,
            "resource_group_name": "example-resource-group",
            "reverse_fqdn": null,
            "sku": "Standard",
            "sku_tier": "Regional",
            "tags": {},
            "timeouts": null,
            "zones": []
          },
          "sensitive_attributes": [],
          "private": "eyJlMmJmYjczMC1lY2FhLTExZTYtOGY4OC0zNDM2M2JjN2M0YzAiOnsiY3JlYXRlIjoxODAwMDAwMDAwMDAwLCJkZWxldGUiOjE4MDAwMDAwMDAwMDAsInJlYWQiOjMwMDAwMDAwMDAwMCwidXBkYXRlIjoxODAwMDAwMDAwMDAwfX0=",
          "dependencies": [
            "azurerm_resource_group.example"
          ]
        }
      ]
    },
    {
      "mode": "managed",
      "type": "azurerm_resource_group",
      "name": "example",
      "provider": "provider[\"registry.terraform.io/hashicorp/azurerm\"]",
      "instances": [
        {
          "schema_version": 0,
          "attributes": {
            "id": "/subscriptions/70e7d75c-abd8-4f24-bac2-4b1b94e06795/resourceGroups/example-resource-group",
            "location": "westus",
            "managed_by": "",
            "name": "example-resource-group",
            "tags": {},
            "timeouts": null
          },
          "sensitive_attributes": [],
          "private": "eyJlMmJmYjczMC1lY2FhLTExZTYtOGY4OC0zNDM2M2JjN2M0YzAiOnsiY3JlYXRlIjo1NDAwMDAwMDAwMDAwLCJkZWxldGUiOjU0MDAwMDAwMDAwMDAsInJlYWQiOjMwMDAwMDAwMDAwMCwidXBkYXRlIjo1NDAwMDAwMDAwMDAwfX0="
        }
      ]
    },
    {
      "mode": "managed",
      "type": "azurerm_subnet",
      "name": "example",
      "provider": "provider[\"registry.terraform.io/hashicorp/azurerm\"]",
      "instances": [
        {
          "schema_version": 0,
          "attributes": {
            "address_prefixes": [
              "10.0.1.0/24"
            ],
            "default_outbound_access_enabled": true,
            "delegation": [],
            "enforce_private_link_endpoint_network_policies": false,
            "enforce_private_link_service_network_policies": false,
            "id": "/subscriptions/70e7d75c-abd8-4f24-bac2-4b1b94e06795/resourceGroups/example-resource-group/providers/Microsoft.Network/virtualNetworks/example-vnet/subnets/example-subnet",
            "name": "example-subnet",
            "private_endpoint_network_policies": "Enabled",
            "private_endpoint_network_policies_enabled": true,
            "private_link_service_network_policies_enabled": true,
            "resource_group_name": "example-resource-group",
            "service_endpoint_policy_ids": [],
            "service_endpoints": [],
            "timeouts": null,
            "virtual_network_name": "example-vnet"
          },
          "sensitive_attributes": [],
          "private": "eyJlMmJmYjczMC1lY2FhLTExZTYtOGY4OC0zNDM2M2JjN2M0YzAiOnsiY3JlYXRlIjoxODAwMDAwMDAwMDAwLCJkZWxldGUiOjE4MDAwMDAwMDAwMDAsInJlYWQiOjMwMDAwMDAwMDAwMCwidXBkYXRlIjoxODAwMDAwMDAwMDAwfX0=",
          "dependencies": [
            "azurerm_resource_group.example",
            "azurerm_virtual_network.example"
          ]
        }
      ]
    },
    {
      "mode": "managed",
      "type": "azurerm_virtual_network",
      "name": "example",
      "provider": "provider[\"registry.terraform.io/hashicorp/azurerm\"]",
      "instances": [
        {
          "schema_version": 0,
          "attributes": {
            "address_space": [
              "10.0.0.0/16"
            ],
            "bgp_community": "",
            "ddos_protection_plan": [],
            "dns_servers": [],
            "edge_zone": "",
            "encryption": [],
            "flow_timeout_in_minutes": 0,
            "guid": "51f416c7-65cb-4f6d-bbef-6e6493b076e5",
            "id": "/subscriptions/70e7d75c-abd8-4f24-bac2-4b1b94e06795/resourceGroups/example-resource-group/providers/Microsoft.Network/virtualNetworks/example-vnet",
            "location": "westus",
            "name": "example-vnet",
            "resource_group_name": "example-resource-group",
            "subnet": [
              {
                "address_prefix": "10.0.1.0/24",
                "id": "/subscriptions/70e7d75c-abd8-4f24-bac2-4b1b94e06795/resourceGroups/example-resource-group/providers/Microsoft.Network/virtualNetworks/example-vnet/subnets/example-subnet",
                "name": "example-subnet",
                "security_group": ""
              }
            ],
            "tags": {},
            "timeouts": null
          },
          "sensitive_attributes": [],
          "private": "eyJlMmJmYjczMC1lY2FhLTExZTYtOGY4OC0zNDM2M2JjN2M0YzAiOnsiY3JlYXRlIjoxODAwMDAwMDAwMDAwLCJkZWxldGUiOjE4MDAwMDAwMDAwMDAsInJlYWQiOjMwMDAwMDAwMDAwMCwidXBkYXRlIjoxODAwMDAwMDAwMDAwfX0=",
          "dependencies": [
            "azurerm_resource_group.example"
          ]
        }
      ]
    }
  ],
  "check_results": null
}
